
Microsoft Visual Studio Solution File, Format Version 12.00
Project("{2150E333-8FDC-42A3-9474-1A3956D46DE8}") = "Solution Files", "Solution Files", "{FC5F848E-98DB-49D5-B4FE-92A7F87DF2B2}"
	ProjectSection(SolutionItems) = preProject
		.gitignore = .gitignore
		DOCS.md = DOCS.md
		LICENSE = LICENSE
		README.md = README.md
	EndProjectSection
EndProject
Project("{FAE04EC0-301F-11D3-BF4B-00C04F79EFBC}") = "Pamx", "Pamx\Pamx.csproj", "{C710238E-28C6-4A2C-9B8E-DF6B8E7528E1}"
EndProject
Global
	GlobalSection(SolutionConfigurationPlatforms) = preSolution
		Debug|Any CPU = Debug|Any CPU
		Release|Any CPU = Release|Any CPU
	EndGlobalSection
	GlobalSection(ProjectConfigurationPlatforms) = postSolution
		{C710238E-28C6-4A2C-9B8E-DF6B8E7528E1}.Debug|Any CPU.ActiveCfg = Debug|Any CPU
		{C710238E-28C6-4A2C-9B8E-DF6B8E7528E1}.Debug|Any CPU.Build.0 = Debug|Any CPU
		{C710238E-28C6-4A2C-9B8E-DF6B8E7528E1}.Release|Any CPU.ActiveCfg = Release|Any CPU
		{C710238E-28C6-4A2C-9B8E-DF6B8E7528E1}.Release|Any CPU.Build.0 = Release|Any CPU
	EndGlobalSection
EndGlobal
